
Microsoft Visual Studio Solution File, Format Version 12.00
# Visual Studio 2012
Project("{FAE04EC0-301F-11D3-BF4B-00C04F79EFBC}") = "Game Server", "Game Server\Game Server.csproj", "{46501CDB-CDD0-4D0A-9442-C08B5F7C5CC8}"
EndProject
Project("{FAE04EC0-301F-11D3-BF4B-00C04F79EFBC}") = "TexasHoldemDBWCF", "TexasHoldemDBWCF\TexasHoldemDBWCF.csproj", "{0F333E36-5343-4BFA-A746-B98E0B105B45}"
EndProject
Global
	GlobalSection(SolutionConfigurationPlatforms) = preSolution
		Debug|Any CPU = Debug|Any CPU
		Release|Any CPU = Release|Any CPU
	EndGlobalSection
	GlobalSection(ProjectConfigurationPlatforms) = postSolution
		{46501CDB-CDD0-4D0A-9442-C08B5F7C5CC8}.Debug|Any CPU.ActiveCfg = Debug|Any CPU
		{46501CDB-CDD0-4D0A-9442-C08B5F7C5CC8}.Debug|Any CPU.Build.0 = Debug|Any CPU
		{46501CDB-CDD0-4D0A-9442-C08B5F7C5CC8}.Release|Any CPU.ActiveCfg = Release|Any CPU
		{46501CDB-CDD0-4D0A-9442-C08B5F7C5CC8}.Release|Any CPU.Build.0 = Release|Any CPU
		{0F333E36-5343-4BFA-A746-B98E0B105B45}.Debug|Any CPU.ActiveCfg = Debug|Any CPU
		{0F333E36-5343-4BFA-A746-B98E0B105B45}.Debug|Any CPU.Build.0 = Debug|Any CPU
		{0F333E36-5343-4BFA-A746-B98E0B105B45}.Release|Any CPU.ActiveCfg = Release|Any CPU
		{0F333E36-5343-4BFA-A746-B98E0B105B45}.Release|Any CPU.Build.0 = Release|Any CPU
	EndGlobalSection
	GlobalSection(SolutionProperties) = preSolution
		HideSolutionNode = FALSE
	EndGlobalSection
EndGlobal
